
Microsoft Visual Studio Solution File, Format Version 10.00
# Visual C# Express 2008
Project("{FAE04EC0-301F-11D3-BF4B-00C04F79EFBC}") = "MediasManager", "MediasManager\MediasManager.csproj", "{12D85F6A-EC9A-48C7-BE2C-2F2C0AA8B034}"
	ProjectSection(ProjectDependencies) = postProject
		{E7733B0B-46EC-488E-B85B-5512F8AB2775} = {E7733B0B-46EC-488E-B85B-5512F8AB2775}
		{A0BB0B4B-A48A-40BF-A03A-74F58B2E666D} = {A0BB0B4B-A48A-40BF-A03A-74F58B2E666D}
		{1D78ECA1-74BD-468D-B285-4D8711CF3623} = {1D78ECA1-74BD-468D-B285-4D8711CF3623}
		{28B511AA-6085-4E93-8802-0F8FF553CEFD} = {28B511AA-6085-4E93-8802-0F8FF553CEFD}
		{28DD90E5-91AC-4526-87F4-7036645F0DF0} = {28DD90E5-91AC-4526-87F4-7036645F0DF0}
	EndProjectSection
EndProject
Project("{FAE04EC0-301F-11D3-BF4B-00C04F79EFBC}") = "MMLibrary", "MMLibrary\MMLibrary.csproj", "{40437BC5-5D5A-4473-87C0-AE9813AE153D}"
EndProject
Project("{FAE04EC0-301F-11D3-BF4B-00C04F79EFBC}") = "Allocine", "Plugins\Scraper\Allocine\Allocine.csproj", "{28B511AA-6085-4E93-8802-0F8FF553CEFD}"
EndProject
Project("{FAE04EC0-301F-11D3-BF4B-00C04F79EFBC}") = "TMDB", "Plugins\Scraper\TMDB\TMDB.csproj", "{E7733B0B-46EC-488E-B85B-5512F8AB2775}"
EndProject
Project("{FAE04EC0-301F-11D3-BF4B-00C04F79EFBC}") = "XBMC", "Plugins\InportExport\XBMC\XBMC.csproj", "{A0BB0B4B-A48A-40BF-A03A-74F58B2E666D}"
EndProject
Project("{FAE04EC0-301F-11D3-BF4B-00C04F79EFBC}") = "MediaInfo", "Plugins\InportExport\MediaInfo\MediaInfo.csproj", "{1D78ECA1-74BD-468D-B285-4D8711CF3623}"
EndProject
Project("{FAE04EC0-301F-11D3-BF4B-00C04F79EFBC}") = "SpeedAllocine", "Plugins\Scraper\SpeedAllocine\SpeedAllocine.csproj", "{28DD90E5-91AC-4526-87F4-7036645F0DF0}"
EndProject
Project("{FAE04EC0-301F-11D3-BF4B-00C04F79EFBC}") = "TvdbLib", "TvdbLib\TvdbLib.csproj", "{23C34CF0-4E66-4F02-9EDC-83F292C6005C}"
EndProject
Global
	GlobalSection(SolutionConfigurationPlatforms) = preSolution
		Debug|Any CPU = Debug|Any CPU
		Release|Any CPU = Release|Any CPU
	EndGlobalSection
	GlobalSection(ProjectConfigurationPlatforms) = postSolution
		{12D85F6A-EC9A-48C7-BE2C-2F2C0AA8B034}.Debug|Any CPU.ActiveCfg = Debug|Any CPU
		{12D85F6A-EC9A-48C7-BE2C-2F2C0AA8B034}.Debug|Any CPU.Build.0 = Debug|Any CPU
		{12D85F6A-EC9A-48C7-BE2C-2F2C0AA8B034}.Release|Any CPU.ActiveCfg = Release|Any CPU
		{12D85F6A-EC9A-48C7-BE2C-2F2C0AA8B034}.Release|Any CPU.Build.0 = Release|Any CPU
		{40437BC5-5D5A-4473-87C0-AE9813AE153D}.Debug|Any CPU.ActiveCfg = Debug|Any CPU
		{40437BC5-5D5A-4473-87C0-AE9813AE153D}.Debug|Any CPU.Build.0 = Debug|Any CPU
		{40437BC5-5D5A-4473-87C0-AE9813AE153D}.Release|Any CPU.ActiveCfg = Release|Any CPU
		{40437BC5-5D5A-4473-87C0-AE9813AE153D}.Release|Any CPU.Build.0 = Release|Any CPU
		{28B511AA-6085-4E93-8802-0F8FF553CEFD}.Debug|Any CPU.ActiveCfg = Debug|Any CPU
		{28B511AA-6085-4E93-8802-0F8FF553CEFD}.Debug|Any CPU.Build.0 = Debug|Any CPU
		{28B511AA-6085-4E93-8802-0F8FF553CEFD}.Release|Any CPU.ActiveCfg = Release|Any CPU
		{28B511AA-6085-4E93-8802-0F8FF553CEFD}.Release|Any CPU.Build.0 = Release|Any CPU
		{E7733B0B-46EC-488E-B85B-5512F8AB2775}.Debug|Any CPU.ActiveCfg = Debug|Any CPU
		{E7733B0B-46EC-488E-B85B-5512F8AB2775}.Debug|Any CPU.Build.0 = Debug|Any CPU
		{E7733B0B-46EC-488E-B85B-5512F8AB2775}.Release|Any CPU.ActiveCfg = Release|Any CPU
		{E7733B0B-46EC-488E-B85B-5512F8AB2775}.Release|Any CPU.Build.0 = Release|Any CPU
		{A0BB0B4B-A48A-40BF-A03A-74F58B2E666D}.Debug|Any CPU.ActiveCfg = Debug|Any CPU
		{A0BB0B4B-A48A-40BF-A03A-74F58B2E666D}.Debug|Any CPU.Build.0 = Debug|Any CPU
		{A0BB0B4B-A48A-40BF-A03A-74F58B2E666D}.Release|Any CPU.ActiveCfg = Release|Any CPU
		{A0BB0B4B-A48A-40BF-A03A-74F58B2E666D}.Release|Any CPU.Build.0 = Release|Any CPU
		{1D78ECA1-74BD-468D-B285-4D8711CF3623}.Debug|Any CPU.ActiveCfg = Debug|Any CPU
		{1D78ECA1-74BD-468D-B285-4D8711CF3623}.Debug|Any CPU.Build.0 = Debug|Any CPU
		{1D78ECA1-74BD-468D-B285-4D8711CF3623}.Release|Any CPU.ActiveCfg = Release|Any CPU
		{1D78ECA1-74BD-468D-B285-4D8711CF3623}.Release|Any CPU.Build.0 = Release|Any CPU
		{28DD90E5-91AC-4526-87F4-7036645F0DF0}.Debug|Any CPU.ActiveCfg = Debug|Any CPU
		{28DD90E5-91AC-4526-87F4-7036645F0DF0}.Debug|Any CPU.Build.0 = Debug|Any CPU
		{28DD90E5-91AC-4526-87F4-7036645F0DF0}.Release|Any CPU.ActiveCfg = Release|Any CPU
		{28DD90E5-91AC-4526-87F4-7036645F0DF0}.Release|Any CPU.Build.0 = Release|Any CPU
		{23C34CF0-4E66-4F02-9EDC-83F292C6005C}.Debug|Any CPU.ActiveCfg = Debug|Any CPU
		{23C34CF0-4E66-4F02-9EDC-83F292C6005C}.Debug|Any CPU.Build.0 = Debug|Any CPU
		{23C34CF0-4E66-4F02-9EDC-83F292C6005C}.Release|Any CPU.ActiveCfg = Release|Any CPU
		{23C34CF0-4E66-4F02-9EDC-83F292C6005C}.Release|Any CPU.Build.0 = Release|Any CPU
	EndGlobalSection
	GlobalSection(SolutionProperties) = preSolution
		HideSolutionNode = FALSE
	EndGlobalSection
EndGlobal
